// !$*UTF8*$!
{
	archiveVersion = 1;
	classes = {
	};
	objectVersion = 46;
	objects = {

/* Begin PBXBuildFile section */
		B13930021AEDEA5E00D682BD /* AppDelegate.swift in Sources */ = {isa = PBXBuildFile; fileRef = B13930011AEDEA5E00D682BD /* AppDelegate.swift */; };
		B13930041AEDEA5E00D682BD /* ViewController.swift in Sources */ = {isa = PBXBuildFile; fileRef = B13930031AEDEA5E00D682BD /* ViewController.swift */; };
		B13930071AEDEA5E00D682BD /* Main.storyboard in Resources */ = {isa = PBXBuildFile; fileRef = B13930051AEDEA5E00D682BD /* Main.storyboard */; };
		B13930091AEDEA5E00D682BD /* Images.xcassets in Resources */ = {isa = PBXBuildFile; fileRef = B13930081AEDEA5E00D682BD /* Images.xcassets */; };
		B139300C1AEDEA5E00D682BD /* LaunchScreen.xib in Resources */ = {isa = PBXBuildFile; fileRef = B139300A1AEDEA5E00D682BD /* LaunchScreen.xib */; };
		B13930181AEDEA5F00D682BD /* iAugusTests.swift in Sources */ = {isa = PBXBuildFile; fileRef = B13930171AEDEA5F00D682BD /* iAugusTests.swift */; };
/* End PBXBuildFile section */

/* Begin PBXContainerItemProxy section */
		B13930121AEDEA5E00D682BD /* PBXContainerItemProxy */ = {
			isa = PBXContainerItemProxy;
			containerPortal = B1392FF41AEDEA5E00D682BD /* Project object */;
			proxyType = 1;
			remoteGlobalIDString = B1392FFB1AEDEA5E00D682BD;
			remoteInfo = iAugus;
		};
/* End PBXContainerItemProxy section */

/* Begin PBXFileReference section */
		B1392FFC1AEDEA5E00D682BD /* iAugus.app */ = {isa = PBXFileReference; explicitFileType = wrapper.application; includeInIndex = 0; path = iAugus.app; sourceTree = BUILT_PRODUCTS_DIR; };
		B13930001AEDEA5E00D682BD /* Info.plist */ = {isa = PBXFileReference; lastKnownFileType = text.plist.xml; path = Info.plist; sourceTree = "<group>"; };
		B13930011AEDEA5E00D682BD /* AppDelegate.swift */ = {isa = PBXFileReference; lastKnownFileType = sourcecode.swift; path = AppDelegate.swift; sourceTree = "<group>"; };
		B13930031AEDEA5E00D682BD /* ViewController.swift */ = {isa = PBXFileReference; lastKnownFileType = sourcecode.swift; path = ViewController.swift; sourceTree = "<group>"; };
		B13930061AEDEA5E00D682BD /* Base */ = {isa = PBXFileReference; lastKnownFileType = file.storyboard; name = Base; path = Base.lproj/Main.storyboard; sourceTree = "<group>"; };
		B13930081AEDEA5E00D682BD /* Images.xcassets */ = {isa = PBXFileReference; lastKnownFileType = folder.assetcatalog; path = Images.xcassets; sourceTree = "<group>"; };
		B139300B1AEDEA5E00D682BD /* Base */ = {isa = PBXFileReference; lastKnownFileType = file.xib; name = Base; path = Base.lproj/LaunchScreen.xib; sourceTree = "<group>"; };
		B13930111AEDEA5E00D682BD /* iAugusTests.xctest */ = {isa = PBXFileReference; explicitFileType = wrapper.cfbundle; includeInIndex = 0; path = iAugusTests.xctest; sourceTree = BUILT_PRODUCTS_DIR; };
		B13930161AEDEA5F00D682BD /* Info.plist */ = {isa = PBXFileReference; lastKnownFileType = text.plist.xml; path = Info.plist; sourceTree = "<group>"; };
		B13930171AEDEA5F00D682BD /* iAugusTests.swift */ = {isa = PBXFileReference; lastKnownFileType = sourcecode.swift; path = iAugusTests.swift; sourceTree = "<group>"; };
/* End PBXFileReference section */

/* Begin PBXFrameworksBuildPhase section */
		B1392FF91AEDEA5E00D682BD /* Frameworks */ = {
			isa = PBXFrameworksBuildPhase;
			buildActionMask = 2147483647;
			files = (
			);
			runOnlyForDeploymentPostprocessing = 0;
		};
		B139300E1AEDEA5E00D682BD /* Frameworks */ = {
			isa = PBXFrameworksBuildPhase;
			buildActionMask = 2147483647;
			files = (
			);
			runOnlyForDeploymentPostprocessing = 0;
		};
/* End PBXFrameworksBuildPhase section */

/* Begin PBXGroup section */
		B1392FF31AEDEA5E00D682BD = {
			isa = PBXGroup;
			children = (
				B1392FFE1AEDEA5E00D682BD /* iAugus */,
				B13930141AEDEA5E00D682BD /* iAugusTests */,
				B1392FFD1AEDEA5E00D682BD /* Products */,
			);
			sourceTree = "<group>";
		};
		B1392FFD1AEDEA5E00D682BD /* Products */ = {
			isa = PBXGroup;
			children = (
				B1392FFC1AEDEA5E00D682BD /* iAugus.app */,
				B13930111AEDEA5E00D682BD /* iAugusTests.xctest */,
			);
			name = Products;
			sourceTree = "<group>";
		};
		B1392FFE1AEDEA5E00D682BD /* iAugus */ = {
			isa = PBXGroup;
			children = (
				B13930011AEDEA5E00D682BD /* AppDelegate.swift */,
				B13930031AEDEA5E00D682BD /* ViewController.swift */,
				B13930051AEDEA5E00D682BD /* Main.storyboard */,
				B13930081AEDEA5E00D682BD /* Images.xcassets */,
				B139300A1AEDEA5E00D682BD /* LaunchScreen.xib */,
				B1392FFF1AEDEA5E00D682BD /* Supporting Files */,
			);
			path = iAugus;
			sourceTree = "<group>";
		};
		B1392FFF1AEDEA5E00D682BD /* Supporting Files */ = {
			isa = PBXGroup;
			children = (
				B13930001AEDEA5E00D682BD /* Info.plist */,
			);
			name = "Supporting Files";
			sourceTree = "<group>";
		};
		B13930141AEDEA5E00D682BD /* iAugusTests */ = {
			isa = PBXGroup;
			children = (
				B13930171AEDEA5F00D682BD /* iAugusTests.swift */,
				B13930151AEDEA5F00D682BD /* Supporting Files */,
			);
			path = iAugusTests;
			sourceTree = "<group>";
		};
		B13930151AEDEA5F00D682BD /* Supporting Files */ = {
			isa = PBXGroup;
			children = (
				B13930161AEDEA5F00D682BD /* Info.plist */,
			);
			name = "Supporting Files";
			sourceTree = "<group>";
		};
/* End PBXGroup section */

/* Begin PBXNativeTarget section */
		B1392FFB1AEDEA5E00D682BD /* iAugus */ = {
			isa = PBXNativeTarget;
			buildConfigurationList = B139301B1AEDEA5F00D682BD /* Build configuration list for PBXNativeTarget "iAugus" */;
			buildPhases = (
				B1392FF81AEDEA5E00D682BD /* Sources */,
				B1392FF91AEDEA5E00D682BD /* Frameworks */,
				B1392FFA1AEDEA5E00D682BD /* Resources */,
			);
			buildRules = (
			);
			dependencies = (
			);
			name = iAugus;
			productName = iAugus;
			productReference = B1392FFC1AEDEA5E00D682BD /* iAugus.app */;
			productType = "com.apple.product-type.application";
		};
		B13930101AEDEA5E00D682BD /* iAugusTests */ = {
			isa = PBXNativeTarget;
			buildConfigurationList = B139301E1AEDEA5F00D682BD /* Build configuration list for PBXNativeTarget "iAugusTests" */;
			buildPhases = (
				B139300D1AEDEA5E00D682BD /* Sources */,
				B139300E1AEDEA5E00D682BD /* Frameworks */,
				B139300F1AEDEA5E00D682BD /* Resources */,
			);
			buildRules = (
			);
			dependencies = (
				B13930131AEDEA5E00D682BD /* PBXTargetDependency */,
			);
			name = iAugusTests;
			productName = iAugusTests;
			productReference = B13930111AEDEA5E00D682BD /* iAugusTests.xctest */;
			productType = "com.apple.product-type.bundle.unit-test";
		};
/* End PBXNativeTarget section */

/* Begin PBXProject section */
		B1392FF41AEDEA5E00D682BD /* Project object */ = {
			isa = PBXProject;
			attributes = {
				LastUpgradeCheck = 0630;
				ORGANIZATIONNAME = Augus;
				TargetAttributes = {
					B1392FFB1AEDEA5E00D682BD = {
						CreatedOnToolsVersion = 6.3.1;
					};
					B13930101AEDEA5E00D682BD = {
						CreatedOnToolsVersion = 6.3.1;
						TestTargetID = B1392FFB1AEDEA5E00D682BD;
					};
				};
			};
			buildConfigurationList = B1392FF71AEDEA5E00D682BD /* Build configuration list for PBXProject "iAugus" */;
			compatibilityVersion = "Xcode 3.2";
			developmentRegion = English;
			hasScannedForEncodings = 0;
			knownRegions = (
				en,
				Base,
			);
			mainGroup = B1392FF31AEDEA5E00D682BD;
			productRefGroup = B1392FFD1AEDEA5E00D682BD /* Products */;
			projectDirPath = "";
			projectRoot = "";
			targets = (
				B1392FFB1AEDEA5E00D682BD /* iAugus */,
				B13930101AEDEA5E00D682BD /* iAugusTests */,
			);
		};
/* End PBXProject section */

/* Begin PBXResourcesBuildPhase section */
		B1392FFA1AEDEA5E00D682BD /* Resources */ = {
			isa = PBXResourcesBuildPhase;
			buildActionMask = 2147483647;
			files = (
				B13930071AEDEA5E00D682BD /* Main.storyboard in Resources */,
				B139300C1AEDEA5E00D682BD /* LaunchScreen.xib in Resources */,
				B13930091AEDEA5E00D682BD /* Images.xcassets in Resources */,
			);
			runOnlyForDeploymentPostprocessing = 0;
		};
		B139300F1AEDEA5E00D682BD /* Resources */ = {
			isa = PBXResourcesBuildPhase;
			buildActionMask = 2147483647;
			files = (
			);
			runOnlyForDeploymentPostprocessing = 0;
		};
/* End PBXResourcesBuildPhase section */

/* Begin PBXSourcesBuildPhase section */
		B1392FF81AEDEA5E00D682BD /* Sources */ = {
			isa = PBXSourcesBuildPhase;
			buildActionMask = 2147483647;
			files = (
				B13930041AEDEA5E00D682BD /* ViewController.swift in Sources */,
				B13930021AEDEA5E00D682BD /* AppDelegate.swift in Sources */,
			);
			runOnlyForDeploymentPostprocessing = 0;
		};
		B139300D1AEDEA5E00D682BD /* Sources */ = {
			isa = PBXSourcesBuildPhase;
			buildActionMask = 2147483647;
			files = (
				B13930181AEDEA5F00D682BD /* iAugusTests.swift in Sources */,
			);
			runOnlyForDeploymentPostprocessing = 0;
		};
/* End PBXSourcesBuildPhase section */

/* Begin PBXTargetDependency section */
		B13930131AEDEA5E00D682BD /* PBXTargetDependency */ = {
			isa = PBXTargetDependency;
			target = B1392FFB1AEDEA5E00D682BD /* iAugus */;
			targetProxy = B13930121AEDEA5E00D682BD /* PBXContainerItemProxy */;
		};
/* End PBXTargetDependency section */

/* Begin PBXVariantGroup section */
		B13930051AEDEA5E00D682BD /* Main.storyboard */ = {
			isa = PBXVariantGroup;
			children = (
				B13930061AEDEA5E00D682BD /* Base */,
			);
			name = Main.storyboard;
			sourceTree = "<group>";
		};
		B139300A1AEDEA5E00D682BD /* LaunchScreen.xib */ = {
			isa = PBXVariantGroup;
			children = (
				B139300B1AEDEA5E00D682BD /* Base */,
			);
			name = LaunchScreen.xib;
			sourceTree = "<group>";
		};
/* End PBXVariantGroup section */

/* Begin XCBuildConfiguration section */
		B13930191AEDEA5F00D682BD /* Debug */ = {
			isa = XCBuildConfiguration;
			buildSettings = {
				ALWAYS_SEARCH_USER_PATHS = NO;
				CLANG_CXX_LANGUAGE_STANDARD = "gnu++0x";
				CLANG_CXX_LIBRARY = "libc++";
				CLANG_ENABLE_MODULES = YES;
				CLANG_ENABLE_OBJC_ARC = YES;
				CLANG_WARN_BOOL_CONVERSION = YES;
				CLANG_WARN_CONSTANT_CONVERSION = YES;
				CLANG_WARN_DIRECT_OBJC_ISA_USAGE = YES_ERROR;
				CLANG_WARN_EMPTY_BODY = YES;
				CLANG_WARN_ENUM_CONVERSION = YES;
				CLANG_WARN_INT_CONVERSION = YES;
				CLANG_WARN_OBJC_ROOT_CLASS = YES_ERROR;
				CLANG_WARN_UNREACHABLE_CODE = YES;
				CLANG_WARN__DUPLICATE_METHOD_MATCH = YES;
				"CODE_SIGN_IDENTITY[sdk=iphoneos*]" = "iPhone Developer";
				COPY_PHASE_STRIP = NO;
				DEBUG_INFORMATION_FORMAT = "dwarf-with-dsym";
				ENABLE_STRICT_OBJC_MSGSEND = YES;
				GCC_C_LANGUAGE_STANDARD = gnu99;
				GCC_DYNAMIC_NO_PIC = NO;
				GCC_NO_COMMON_BLOCKS = YES;
				GCC_OPTIMIZATION_LEVEL = 0;
				GCC_PREPROCESSOR_DEFINITIONS = (
					"DEBUG=1",
					"$(inherited)",
				);
				GCC_SYMBOLS_PRIVATE_EXTERN = NO;
				GCC_WARN_64_TO_32_BIT_CONVERSION = YES;
				GCC_WARN_ABOUT_RETURN_TYPE = YES_ERROR;
				GCC_WARN_UNDECLARED_SELECTOR = YES;
				GCC_WARN_UNINITIALIZED_AUTOS = YES_AGGRESSIVE;
				GCC_WARN_UNUSED_FUNCTION = YES;
				GCC_WARN_UNUSED_VARIABLE = YES;
				IPHONEOS_DEPLOYMENT_TARGET = 8.3;
				MTL_ENABLE_DEBUG_INFO = YES;
				ONLY_ACTIVE_ARCH = YES;
				SDKROOT = iphoneos;
				SWIFT_OPTIMIZATION_LEVEL = "-Onone";
			};
			name = Debug;
		};
		B139301A1AEDEA5F00D682BD /* Release */ = {
			isa = XCBuildConfiguration;
			buildSettings = {
				ALWAYS_SEARCH_USER_PATHS = NO;
				CLANG_CXX_LANGUAGE_STANDARD = "gnu++0x";
				CLANG_CXX_LIBRARY = "libc++";
				CLANG_ENABLE_MODULES = YES;
				CLANG_ENABLE_OBJC_ARC = YES;
				CLANG_WARN_BOOL_CONVERSION = YES;
				CLANG_WARN_CONSTANT_CONVERSION = YES;
				CLANG_WARN_DIRECT_OBJC_ISA_USAGE = YES_ERROR;
				CLANG_WARN_EMPTY_BODY = YES;
				CLANG_WARN_ENUM_CONVERSION = YES;
				CLANG_WARN_INT_CONVERSION = YES;
				CLANG_WARN_OBJC_ROOT_CLASS = YES_ERROR;
				CLANG_WARN_UNREACHABLE_CODE = YES;
				CLANG_WARN__DUPLICATE_METHOD_MATCH = YES;
				"CODE_SIGN_IDENTITY[sdk=iphoneos*]" = "iPhone Developer";
				COPY_PHASE_STRIP = NO;
				DEBUG_INFORMATION_FORMAT = "dwarf-with-dsym";
				ENABLE_NS_ASSERTIONS = NO;
				ENABLE_STRICT_OBJC_MSGSEND = YES;
				GCC_C_LANGUAGE_STANDARD = gnu99;
				GCC_NO_COMMON_BLOCKS = YES;
				GCC_WARN_64_TO_32_BIT_CONVERSION = YES;
				GCC_WARN_ABOUT_RETURN_TYPE = YES_ERROR;
				GCC_WARN_UNDECLARED_SELECTOR = YES;
				GCC_WARN_UNINITIALIZED_AUTOS = YES_AGGRESSIVE;
				GCC_WARN_UNUSED_FUNCTION = YES;
				GCC_WARN_UNUSED_VARIABLE = YES;
				IPHONEOS_DEPLOYMENT_TARGET = 8.3;
				MTL_ENABLE_DEBUG_INFO = NO;
				SDKROOT = iphoneos;
				VALIDATE_PRODUCT = YES;
			};
			name = Release;
		};
		B139301C1AEDEA5F00D682BD /* Debug */ = {
			isa = XCBuildConfiguration;
			buildSettings = {
				ASSETCATALOG_COMPILER_APPICON_NAME = AppIcon;
				INFOPLIST_FILE = iAugus/Info.plist;
				LD_RUNPATH_SEARCH_PATHS = "$(inherited) @executable_path/Frameworks";
				PRODUCT_NAME = "$(TARGET_NAME)";
			};
			name = Debug;
		};
		B139301D1AEDEA5F00D682BD /* Release */ = {
			isa = XCBuildConfiguration;
			buildSettings = {
				ASSETCATALOG_COMPILER_APPICON_NAME = AppIcon;
				INFOPLIST_FILE = iAugus/Info.plist;
				LD_RUNPATH_SEARCH_PATHS = "$(inherited) @executable_path/Frameworks";
				PRODUCT_NAME = "$(TARGET_NAME)";
			};
			name = Release;
		};
		B139301F1AEDEA5F00D682BD /* Debug */ = {
			isa = XCBuildConfiguration;
			buildSettings = {
				BUNDLE_LOADER = "$(TEST_HOST)";
				FRAMEWORK_SEARCH_PATHS = (
					"$(SDKROOT)/Developer/Library/Frameworks",
					"$(inherited)",
				);
				GCC_PREPROCESSOR_DEFINITIONS = (
					"DEBUG=1",
					"$(inherited)",
				);
				INFOPLIST_FILE = iAugusTests/Info.plist;
				LD_RUNPATH_SEARCH_PATHS = "$(inherited) @executable_path/Frameworks @loader_path/Frameworks";
				PRODUCT_NAME = "$(TARGET_NAME)";
				TEST_HOST = "$(BUILT_PRODUCTS_DIR)/iAugus.app/iAugus";
			};
			name = Debug;
		};
		B13930201AEDEA5F00D682BD /* Release */ = {
			isa = XCBuildConfiguration;
			buildSettings = {
				BUNDLE_LOADER = "$(TEST_HOST)";
				FRAMEWORK_SEARCH_PATHS = (
					"$(SDKROOT)/Developer/Library/Frameworks",
					"$(inherited)",
				);
				INFOPLIST_FILE = iAugusTests/Info.plist;
				LD_RUNPATH_SEARCH_PATHS = "$(inherited) @executable_path/Frameworks @loader_path/Frameworks";
				PRODUCT_NAME = "$(TARGET_NAME)";
				TEST_HOST = "$(BUILT_PRODUCTS_DIR)/iAugus.app/iAugus";
			};
			name = Release;
		};
/* End XCBuildConfiguration section */

/* Begin XCConfigurationList section */
		B1392FF71AEDEA5E00D682BD /* Build configuration list for PBXProject "iAugus" */ = {
			isa = XCConfigurationList;
			buildConfigurations = (
				B13930191AEDEA5F00D682BD /* Debug */,
				B139301A1AEDEA5F00D682BD /* Release */,
			);
			defaultConfigurationIsVisible = 0;
			defaultConfigurationName = Release;
		};
		B139301B1AEDEA5F00D682BD /* Build configuration list for PBXNativeTarget "iAugus" */ = {
			isa = XCConfigurationList;
			buildConfigurations = (
				B139301C1AEDEA5F00D682BD /* Debug */,
				B139301D1AEDEA5F00D682BD /* Release */,
			);
			defaultConfigurationIsVisible = 0;
		};
		B139301E1AEDEA5F00D682BD /* Build configuration list for PBXNativeTarget "iAugusTests" */ = {
			isa = XCConfigurationList;
			buildConfigurations = (
				B139301F1AEDEA5F00D682BD /* Debug */,
				B13930201AEDEA5F00D682BD /* Release */,
			);
			defaultConfigurationIsVisible = 0;
		};
/* End XCConfigurationList section */
	};
	rootObject = B1392FF41AEDEA5E00D682BD /* Project object */;
}
